
Microsoft Visual Studio Solution File, Format Version 12.00
# Visual Studio 2012
Project("{FAE04EC0-301F-11D3-BF4B-00C04F79EFBC}") = "EJ1", "EJ1\EJ1.csproj", "{49FC522D-B3C8-4A84-B429-B39456D2418E}"
EndProject
Project("{FAE04EC0-301F-11D3-BF4B-00C04F79EFBC}") = "EJ2", "EJ2\EJ2.csproj", "{5FD59FE6-9D64-4AD3-AE8A-5C4215B37857}"
EndProject
Project("{FAE04EC0-301F-11D3-BF4B-00C04F79EFBC}") = "EJ3", "EJ3\EJ3.csproj", "{80F8D48E-E1A6-4FDD-8303-C93DAC8DF513}"
EndProject
Project("{FAE04EC0-301F-11D3-BF4B-00C04F79EFBC}") = "EJ4", "EJ4\EJ4.csproj", "{AACA975A-9730-447D-B5A0-6FD02E66D6C9}"
EndProject
Project("{FAE04EC0-301F-11D3-BF4B-00C04F79EFBC}") = "EJ5", "EJ5\EJ5.csproj", "{A8EAAACF-89B8-4F5B-9E9D-C412C72DF49B}"
EndProject
Project("{FAE04EC0-301F-11D3-BF4B-00C04F79EFBC}") = "EJ6", "EJ6\EJ6.csproj", "{DB4971B8-C636-41D9-B4DD-362CB6DDF139}"
EndProject
Project("{FAE04EC0-301F-11D3-BF4B-00C04F79EFBC}") = "EJ7", "EJ7\EJ7.csproj", "{0BD696F8-376A-48F1-9809-98CC081768D6}"
EndProject
Project("{FAE04EC0-301F-11D3-BF4B-00C04F79EFBC}") = "EJ8", "EJ8\EJ8.csproj", "{1DD5F642-2BA6-4D14-9AA3-BFD83F265D87}"
EndProject
Project("{FAE04EC0-301F-11D3-BF4B-00C04F79EFBC}") = "EJ9", "EJ9\EJ9.csproj", "{FF7C111D-6411-410B-AEB0-78FE8FFBEC9B}"
EndProject
Project("{FAE04EC0-301F-11D3-BF4B-00C04F79EFBC}") = "EJ10", "EJ10\EJ10.csproj", "{2F2753B9-F2F7-4284-A609-D7AB4B59E939}"
EndProject
Project("{FAE04EC0-301F-11D3-BF4B-00C04F79EFBC}") = "EJ11", "EJ11\EJ11.csproj", "{4BF7D0CC-2DFC-4C68-8679-AD32F2B3E563}"
EndProject
Project("{FAE04EC0-301F-11D3-BF4B-00C04F79EFBC}") = "EJ13", "EJ13\EJ13.csproj", "{4CF6D639-8D54-4D9F-A40F-6195B21A6229}"
EndProject
Project("{FAE04EC0-301F-11D3-BF4B-00C04F79EFBC}") = "EJ12", "EJ12\EJ12.csproj", "{9C17239C-FF74-48BD-A981-565C0BE935A6}"
EndProject
Project("{FAE04EC0-301F-11D3-BF4B-00C04F79EFBC}") = "EJ14", "EJ14\EJ14.csproj", "{56199219-FB5C-4449-BF07-427DCDE5C960}"
EndProject
Project("{FAE04EC0-301F-11D3-BF4B-00C04F79EFBC}") = "EJ15", "EJ15\EJ15.csproj", "{7667BE22-98CC-4101-A203-2064D18B59D4}"
EndProject
Project("{FAE04EC0-301F-11D3-BF4B-00C04F79EFBC}") = "EJ16", "EJ16\EJ16.csproj", "{8EB93137-FB42-4856-9603-2AE8F915978C}"
EndProject
Global
	GlobalSection(SolutionConfigurationPlatforms) = preSolution
		Debug|x86 = Debug|x86
		Release|x86 = Release|x86
	EndGlobalSection
	GlobalSection(ProjectConfigurationPlatforms) = postSolution
		{0BD696F8-376A-48F1-9809-98CC081768D6}.Debug|x86.ActiveCfg = Debug|x86
		{0BD696F8-376A-48F1-9809-98CC081768D6}.Debug|x86.Build.0 = Debug|x86
		{0BD696F8-376A-48F1-9809-98CC081768D6}.Release|x86.ActiveCfg = Release|x86
		{0BD696F8-376A-48F1-9809-98CC081768D6}.Release|x86.Build.0 = Release|x86
		{1DD5F642-2BA6-4D14-9AA3-BFD83F265D87}.Debug|x86.ActiveCfg = Debug|x86
		{1DD5F642-2BA6-4D14-9AA3-BFD83F265D87}.Debug|x86.Build.0 = Debug|x86
		{1DD5F642-2BA6-4D14-9AA3-BFD83F265D87}.Release|x86.ActiveCfg = Release|x86
		{1DD5F642-2BA6-4D14-9AA3-BFD83F265D87}.Release|x86.Build.0 = Release|x86
		{2F2753B9-F2F7-4284-A609-D7AB4B59E939}.Debug|x86.ActiveCfg = Debug|x86
		{2F2753B9-F2F7-4284-A609-D7AB4B59E939}.Debug|x86.Build.0 = Debug|x86
		{2F2753B9-F2F7-4284-A609-D7AB4B59E939}.Release|x86.ActiveCfg = Release|x86
		{2F2753B9-F2F7-4284-A609-D7AB4B59E939}.Release|x86.Build.0 = Release|x86
		{49FC522D-B3C8-4A84-B429-B39456D2418E}.Debug|x86.ActiveCfg = Debug|x86
		{49FC522D-B3C8-4A84-B429-B39456D2418E}.Debug|x86.Build.0 = Debug|x86
		{49FC522D-B3C8-4A84-B429-B39456D2418E}.Release|x86.ActiveCfg = Release|x86
		{49FC522D-B3C8-4A84-B429-B39456D2418E}.Release|x86.Build.0 = Release|x86
		{4BF7D0CC-2DFC-4C68-8679-AD32F2B3E563}.Debug|x86.ActiveCfg = Debug|x86
		{4BF7D0CC-2DFC-4C68-8679-AD32F2B3E563}.Debug|x86.Build.0 = Debug|x86
		{4BF7D0CC-2DFC-4C68-8679-AD32F2B3E563}.Release|x86.ActiveCfg = Release|x86
		{4BF7D0CC-2DFC-4C68-8679-AD32F2B3E563}.Release|x86.Build.0 = Release|x86
		{4CF6D639-8D54-4D9F-A40F-6195B21A6229}.Debug|x86.ActiveCfg = Debug|x86
		{4CF6D639-8D54-4D9F-A40F-6195B21A6229}.Debug|x86.Build.0 = Debug|x86
		{4CF6D639-8D54-4D9F-A40F-6195B21A6229}.Release|x86.ActiveCfg = Release|x86
		{4CF6D639-8D54-4D9F-A40F-6195B21A6229}.Release|x86.Build.0 = Release|x86
		{56199219-FB5C-4449-BF07-427DCDE5C960}.Debug|x86.ActiveCfg = Debug|x86
		{56199219-FB5C-4449-BF07-427DCDE5C960}.Debug|x86.Build.0 = Debug|x86
		{56199219-FB5C-4449-BF07-427DCDE5C960}.Release|x86.ActiveCfg = Release|x86
		{56199219-FB5C-4449-BF07-427DCDE5C960}.Release|x86.Build.0 = Release|x86
		{5FD59FE6-9D64-4AD3-AE8A-5C4215B37857}.Debug|x86.ActiveCfg = Debug|x86
		{5FD59FE6-9D64-4AD3-AE8A-5C4215B37857}.Debug|x86.Build.0 = Debug|x86
		{5FD59FE6-9D64-4AD3-AE8A-5C4215B37857}.Release|x86.ActiveCfg = Release|x86
		{5FD59FE6-9D64-4AD3-AE8A-5C4215B37857}.Release|x86.Build.0 = Release|x86
		{7667BE22-98CC-4101-A203-2064D18B59D4}.Debug|x86.ActiveCfg = Debug|x86
		{7667BE22-98CC-4101-A203-2064D18B59D4}.Debug|x86.Build.0 = Debug|x86
		{7667BE22-98CC-4101-A203-2064D18B59D4}.Release|x86.ActiveCfg = Release|x86
		{7667BE22-98CC-4101-A203-2064D18B59D4}.Release|x86.Build.0 = Release|x86
		{80F8D48E-E1A6-4FDD-8303-C93DAC8DF513}.Debug|x86.ActiveCfg = Debug|x86
		{80F8D48E-E1A6-4FDD-8303-C93DAC8DF513}.Debug|x86.Build.0 = Debug|x86
		{80F8D48E-E1A6-4FDD-8303-C93DAC8DF513}.Release|x86.ActiveCfg = Release|x86
		{80F8D48E-E1A6-4FDD-8303-C93DAC8DF513}.Release|x86.Build.0 = Release|x86
		{8EB93137-FB42-4856-9603-2AE8F915978C}.Debug|x86.ActiveCfg = Debug|x86
		{8EB93137-FB42-4856-9603-2AE8F915978C}.Debug|x86.Build.0 = Debug|x86
		{8EB93137-FB42-4856-9603-2AE8F915978C}.Release|x86.ActiveCfg = Release|x86
		{8EB93137-FB42-4856-9603-2AE8F915978C}.Release|x86.Build.0 = Release|x86
		{9C17239C-FF74-48BD-A981-565C0BE935A6}.Debug|x86.ActiveCfg = Debug|x86
		{9C17239C-FF74-48BD-A981-565C0BE935A6}.Debug|x86.Build.0 = Debug|x86
		{9C17239C-FF74-48BD-A981-565C0BE935A6}.Release|x86.ActiveCfg = Release|x86
		{9C17239C-FF74-48BD-A981-565C0BE935A6}.Release|x86.Build.0 = Release|x86
		{A8EAAACF-89B8-4F5B-9E9D-C412C72DF49B}.Debug|x86.ActiveCfg = Debug|x86
		{A8EAAACF-89B8-4F5B-9E9D-C412C72DF49B}.Debug|x86.Build.0 = Debug|x86
		{A8EAAACF-89B8-4F5B-9E9D-C412C72DF49B}.Release|x86.ActiveCfg = Release|x86
		{A8EAAACF-89B8-4F5B-9E9D-C412C72DF49B}.Release|x86.Build.0 = Release|x86
		{AACA975A-9730-447D-B5A0-6FD02E66D6C9}.Debug|x86.ActiveCfg = Debug|x86
		{AACA975A-9730-447D-B5A0-6FD02E66D6C9}.Debug|x86.Build.0 = Debug|x86
		{AACA975A-9730-447D-B5A0-6FD02E66D6C9}.Release|x86.ActiveCfg = Release|x86
		{AACA975A-9730-447D-B5A0-6FD02E66D6C9}.Release|x86.Build.0 = Release|x86
		{DB4971B8-C636-41D9-B4DD-362CB6DDF139}.Debug|x86.ActiveCfg = Debug|x86
		{DB4971B8-C636-41D9-B4DD-362CB6DDF139}.Debug|x86.Build.0 = Debug|x86
		{DB4971B8-C636-41D9-B4DD-362CB6DDF139}.Release|x86.ActiveCfg = Release|x86
		{DB4971B8-C636-41D9-B4DD-362CB6DDF139}.Release|x86.Build.0 = Release|x86
		{FF7C111D-6411-410B-AEB0-78FE8FFBEC9B}.Debug|x86.ActiveCfg = Debug|x86
		{FF7C111D-6411-410B-AEB0-78FE8FFBEC9B}.Debug|x86.Build.0 = Debug|x86
		{FF7C111D-6411-410B-AEB0-78FE8FFBEC9B}.Release|x86.ActiveCfg = Release|x86
		{FF7C111D-6411-410B-AEB0-78FE8FFBEC9B}.Release|x86.Build.0 = Release|x86
	EndGlobalSection
	GlobalSection(MonoDevelopProperties) = preSolution
		Policies = $0
		$0.DotNetNamingPolicy = $1
		$1.DirectoryNamespaceAssociation = None
		$1.ResourceNamePolicy = FileFormatDefault
		$0.TextStylePolicy = $2
		$2.inheritsSet = null
		$2.scope = text/x-csharp
		$0.CSharpFormattingPolicy = $3
		$3.AfterDelegateDeclarationParameterComma = True
		$3.inheritsSet = Mono
		$3.inheritsScope = text/x-csharp
		$3.scope = text/x-csharp
		$0.StandardHeader = $4
		$4.Text = 
		$4.IncludeInNewFiles = True
	EndGlobalSection
EndGlobal
